
Microsoft Visual Studio Solution File, Format Version 12.00
# Visual Studio Version 17
VisualStudioVersion = 17.13.35919.96 d17.13
MinimumVisualStudioVersion = 10.0.40219.1
Project("{FAE04EC0-301F-11D3-BF4B-00C04F79EFBC}") = "ARRAY 8", "ARRAY 8.csproj", "{FB35799C-CA31-43D0-A09D-0E703D275EC8}"
EndProject
Global
	GlobalSection(SolutionConfigurationPlatforms) = preSolution
		Debug|Any CPU = Debug|Any CPU
		Release|Any CPU = Release|Any CPU
	EndGlobalSection
	GlobalSection(ProjectConfigurationPlatforms) = postSolution
		{FB35799C-CA31-43D0-A09D-0E703D275EC8}.Debug|Any CPU.ActiveCfg = Debug|Any CPU
		{FB35799C-CA31-43D0-A09D-0E703D275EC8}.Debug|Any CPU.Build.0 = Debug|Any CPU
		{FB35799C-CA31-43D0-A09D-0E703D275EC8}.Release|Any CPU.ActiveCfg = Release|Any CPU
		{FB35799C-CA31-43D0-A09D-0E703D275EC8}.Release|Any CPU.Build.0 = Release|Any CPU
	EndGlobalSection
	GlobalSection(SolutionProperties) = preSolution
		HideSolutionNode = FALSE
	EndGlobalSection
	GlobalSection(ExtensibilityGlobals) = postSolution
		SolutionGuid = {701EE5EF-9E95-45B3-AE92-1A2CCE24CF5D}
	EndGlobalSection
EndGlobal
